// !$*UTF8*$!
{
	archiveVersion = 1;
	classes = {
	};
	objectVersion = 50;
	objects = {

/* Begin PBXBuildFile section */
		1D47388920E01239000DC875 /* AppDelegate.swift in Sources */ = {isa = PBXBuildFile; fileRef = 1D47388820E01239000DC875 /* AppDelegate.swift */; };
		1D47388B20E01239000DC875 /* ViewController.swift in Sources */ = {isa = PBXBuildFile; fileRef = 1D47388A20E01239000DC875 /* ViewController.swift */; };
		1D47388E20E01239000DC875 /* Main.storyboard in Resources */ = {isa = PBXBuildFile; fileRef = 1D47388C20E01239000DC875 /* Main.storyboard */; };
		1D47389020E0123A000DC875 /* Assets.xcassets in Resources */ = {isa = PBXBuildFile; fileRef = 1D47388F20E0123A000DC875 /* Assets.xcassets */; };
		1D47389320E0123A000DC875 /* LaunchScreen.storyboard in Resources */ = {isa = PBXBuildFile; fileRef = 1D47389120E0123A000DC875 /* LaunchScreen.storyboard */; };
		1D47389E20E0123A000DC875 /* AKReproTests.swift in Sources */ = {isa = PBXBuildFile; fileRef = 1D47389D20E0123A000DC875 /* AKReproTests.swift */; };
		1D4738A920E0123A000DC875 /* AKReproUITests.swift in Sources */ = {isa = PBXBuildFile; fileRef = 1D4738A820E0123A000DC875 /* AKReproUITests.swift */; };
/* End PBXBuildFile section */

/* Begin PBXContainerItemProxy section */
		1D47389A20E0123A000DC875 /* PBXContainerItemProxy */ = {
			isa = PBXContainerItemProxy;
			containerPortal = 1D47387D20E01239000DC875 /* Project object */;
			proxyType = 1;
			remoteGlobalIDString = 1D47388420E01239000DC875;
			remoteInfo = AKRepro;
		};
		1D4738A520E0123A000DC875 /* PBXContainerItemProxy */ = {
			isa = PBXContainerItemProxy;
			containerPortal = 1D47387D20E01239000DC875 /* Project object */;
			proxyType = 1;
			remoteGlobalIDString = 1D47388420E01239000DC875;
			remoteInfo = AKRepro;
		};
/* End PBXContainerItemProxy section */

/* Begin PBXFileReference section */
		1D47388520E01239000DC875 /* AKRepro.app */ = {isa = PBXFileReference; explicitFileType = wrapper.application; includeInIndex = 0; path = AKRepro.app; sourceTree = BUILT_PRODUCTS_DIR; };
		1D47388820E01239000DC875 /* AppDelegate.swift */ = {isa = PBXFileReference; lastKnownFileType = sourcecode.swift; path = AppDelegate.swift; sourceTree = "<group>"; };
		1D47388A20E01239000DC875 /* ViewController.swift */ = {isa = PBXFileReference; lastKnownFileType = sourcecode.swift; path = ViewController.swift; sourceTree = "<group>"; };
		1D47388D20E01239000DC875 /* Base */ = {isa = PBXFileReference; lastKnownFileType = file.storyboard; name = Base; path = Base.lproj/Main.storyboard; sourceTree = "<group>"; };
		1D47388F20E0123A000DC875 /* Assets.xcassets */ = {isa = PBXFileReference; lastKnownFileType = folder.assetcatalog; path = Assets.xcassets; sourceTree = "<group>"; };
		1D47389220E0123A000DC875 /* Base */ = {isa = PBXFileReference; lastKnownFileType = file.storyboard; name = Base; path = Base.lproj/LaunchScreen.storyboard; sourceTree = "<group>"; };
		1D47389420E0123A000DC875 /* Info.plist */ = {isa = PBXFileReference; lastKnownFileType = text.plist.xml; path = Info.plist; sourceTree = "<group>"; };
		1D47389920E0123A000DC875 /* AKReproTests.xctest */ = {isa = PBXFileReference; explicitFileType = wrapper.cfbundle; includeInIndex = 0; path = AKReproTests.xctest; sourceTree = BUILT_PRODUCTS_DIR; };
		1D47389D20E0123A000DC875 /* AKReproTests.swift */ = {isa = PBXFileReference; lastKnownFileType = sourcecode.swift; path = AKReproTests.swift; sourceTree = "<group>"; };
		1D47389F20E0123A000DC875 /* Info.plist */ = {isa = PBXFileReference; lastKnownFileType = text.plist.xml; path = Info.plist; sourceTree = "<group>"; };
		1D4738A420E0123A000DC875 /* AKReproUITests.xctest */ = {isa = PBXFileReference; explicitFileType = wrapper.cfbundle; includeInIndex = 0; path = AKReproUITests.xctest; sourceTree = BUILT_PRODUCTS_DIR; };
		1D4738A820E0123A000DC875 /* AKReproUITests.swift */ = {isa = PBXFileReference; lastKnownFileType = sourcecode.swift; path = AKReproUITests.swift; sourceTree = "<group>"; };
		1D4738AA20E0123A000DC875 /* Info.plist */ = {isa = PBXFileReference; lastKnownFileType = text.plist.xml; path = Info.plist; sourceTree = "<group>"; };
/* End PBXFileReference section */

/* Begin PBXFrameworksBuildPhase section */
		1D47388220E01239000DC875 /* Frameworks */ = {
			isa = PBXFrameworksBuildPhase;
			buildActionMask = 2147483647;
			files = (
			);
			runOnlyForDeploymentPostprocessing = 0;
		};
		1D47389620E0123A000DC875 /* Frameworks */ = {
			isa = PBXFrameworksBuildPhase;
			buildActionMask = 2147483647;
			files = (
			);
			runOnlyForDeploymentPostprocessing = 0;
		};
		1D4738A120E0123A000DC875 /* Frameworks */ = {
			isa = PBXFrameworksBuildPhase;
			buildActionMask = 2147483647;
			files = (
			);
			runOnlyForDeploymentPostprocessing = 0;
		};
/* End PBXFrameworksBuildPhase section */

/* Begin PBXGroup section */
		1D47387C20E01239000DC875 = {
			isa = PBXGroup;
			children = (
				1D47388720E01239000DC875 /* AKRepro */,
				1D47389C20E0123A000DC875 /* AKReproTests */,
				1D4738A720E0123A000DC875 /* AKReproUITests */,
				1D47388620E01239000DC875 /* Products */,
			);
			sourceTree = "<group>";
		};
		1D47388620E01239000DC875 /* Products */ = {
			isa = PBXGroup;
			children = (
				1D47388520E01239000DC875 /* AKRepro.app */,
				1D47389920E0123A000DC875 /* AKReproTests.xctest */,
				1D4738A420E0123A000DC875 /* AKReproUITests.xctest */,
			);
			name = Products;
			sourceTree = "<group>";
		};
		1D47388720E01239000DC875 /* AKRepro */ = {
			isa = PBXGroup;
			children = (
				1D47388820E01239000DC875 /* AppDelegate.swift */,
				1D47388A20E01239000DC875 /* ViewController.swift */,
				1D47388C20E01239000DC875 /* Main.storyboard */,
				1D47388F20E0123A000DC875 /* Assets.xcassets */,
				1D47389120E0123A000DC875 /* LaunchScreen.storyboard */,
				1D47389420E0123A000DC875 /* Info.plist */,
			);
			path = AKRepro;
			sourceTree = "<group>";
		};
		1D47389C20E0123A000DC875 /* AKReproTests */ = {
			isa = PBXGroup;
			children = (
				1D47389D20E0123A000DC875 /* AKReproTests.swift */,
				1D47389F20E0123A000DC875 /* Info.plist */,
			);
			path = AKReproTests;
			sourceTree = "<group>";
		};
		1D4738A720E0123A000DC875 /* AKReproUITests */ = {
			isa = PBXGroup;
			children = (
				1D4738A820E0123A000DC875 /* AKReproUITests.swift */,
				1D4738AA20E0123A000DC875 /* Info.plist */,
			);
			path = AKReproUITests;
			sourceTree = "<group>";
		};
/* End PBXGroup section */

/* Begin PBXNativeTarget section */
		1D47388420E01239000DC875 /* AKRepro */ = {
			isa = PBXNativeTarget;
			buildConfigurationList = 1D4738AD20E0123A000DC875 /* Build configuration list for PBXNativeTarget "AKRepro" */;
			buildPhases = (
				1D47388120E01239000DC875 /* Sources */,
				1D47388220E01239000DC875 /* Frameworks */,
				1D47388320E01239000DC875 /* Resources */,
			);
			buildRules = (
			);
			dependencies = (
			);
			name = AKRepro;
			productName = AKRepro;
			productReference = 1D47388520E01239000DC875 /* AKRepro.app */;
			productType = "com.apple.product-type.application";
		};
		1D47389820E0123A000DC875 /* AKReproTests */ = {
			isa = PBXNativeTarget;
			buildConfigurationList = 1D4738B020E0123A000DC875 /* Build configuration list for PBXNativeTarget "AKReproTests" */;
			buildPhases = (
				1D47389520E0123A000DC875 /* Sources */,
				1D47389620E0123A000DC875 /* Frameworks */,
				1D47389720E0123A000DC875 /* Resources */,
			);
			buildRules = (
			);
			dependencies = (
				1D47389B20E0123A000DC875 /* PBXTargetDependency */,
			);
			name = AKReproTests;
			productName = AKReproTests;
			productReference = 1D47389920E0123A000DC875 /* AKReproTests.xctest */;
			productType = "com.apple.product-type.bundle.unit-test";
		};
		1D4738A320E0123A000DC875 /* AKReproUITests */ = {
			isa = PBXNativeTarget;
			buildConfigurationList = 1D4738B320E0123A000DC875 /* Build configuration list for PBXNativeTarget "AKReproUITests" */;
			buildPhases = (
				1D4738A020E0123A000DC875 /* Sources */,
				1D4738A120E0123A000DC875 /* Frameworks */,
				1D4738A220E0123A000DC875 /* Resources */,
			);
			buildRules = (
			);
			dependencies = (
				1D4738A620E0123A000DC875 /* PBXTargetDependency */,
			);
			name = AKReproUITests;
			productName = AKReproUITests;
			productReference = 1D4738A420E0123A000DC875 /* AKReproUITests.xctest */;
			productType = "com.apple.product-type.bundle.ui-testing";
		};
/* End PBXNativeTarget section */

/* Begin PBXProject section */
		1D47387D20E01239000DC875 /* Project object */ = {
			isa = PBXProject;
			attributes = {
				LastSwiftUpdateCheck = 0940;
				LastUpgradeCheck = 0940;
				ORGANIZATIONNAME = hoopes;
				TargetAttributes = {
					1D47388420E01239000DC875 = {
						CreatedOnToolsVersion = 9.4.1;
					};
					1D47389820E0123A000DC875 = {
						CreatedOnToolsVersion = 9.4.1;
						TestTargetID = 1D47388420E01239000DC875;
					};
					1D4738A320E0123A000DC875 = {
						CreatedOnToolsVersion = 9.4.1;
						TestTargetID = 1D47388420E01239000DC875;
					};
				};
			};
			buildConfigurationList = 1D47388020E01239000DC875 /* Build configuration list for PBXProject "AKRepro" */;
			compatibilityVersion = "Xcode 9.3";
			developmentRegion = en;
			hasScannedForEncodings = 0;
			knownRegions = (
				en,
				Base,
			);
			mainGroup = 1D47387C20E01239000DC875;
			productRefGroup = 1D47388620E01239000DC875 /* Products */;
			projectDirPath = "";
			projectRoot = "";
			targets = (
				1D47388420E01239000DC875 /* AKRepro */,
				1D47389820E0123A000DC875 /* AKReproTests */,
				1D4738A320E0123A000DC875 /* AKReproUITests */,
			);
		};
/* End PBXProject section */

/* Begin PBXResourcesBuildPhase section */
		1D47388320E01239000DC875 /* Resources */ = {
			isa = PBXResourcesBuildPhase;
			buildActionMask = 2147483647;
			files = (
				1D47389320E0123A000DC875 /* LaunchScreen.storyboard in Resources */,
				1D47389020E0123A000DC875 /* Assets.xcassets in Resources */,
				1D47388E20E01239000DC875 /* Main.storyboard in Resources */,
			);
			runOnlyForDeploymentPostprocessing = 0;
		};
		1D47389720E0123A000DC875 /* Resources */ = {
			isa = PBXResourcesBuildPhase;
			buildActionMask = 2147483647;
			files = (
			);
			runOnlyForDeploymentPostprocessing = 0;
		};
		1D4738A220E0123A000DC875 /* Resources */ = {
			isa = PBXResourcesBuildPhase;
			buildActionMask = 2147483647;
			files = (
			);
			runOnlyForDeploymentPostprocessing = 0;
		};
/* End PBXResourcesBuildPhase section */

/* Begin PBXSourcesBuildPhase section */
		1D47388120E01239000DC875 /* Sources */ = {
			isa = PBXSourcesBuildPhase;
			buildActionMask = 2147483647;
			files = (
				1D47388B20E01239000DC875 /* ViewController.swift in Sources */,
				1D47388920E01239000DC875 /* AppDelegate.swift in Sources */,
			);
			runOnlyForDeploymentPostprocessing = 0;
		};
		1D47389520E0123A000DC875 /* Sources */ = {
			isa = PBXSourcesBuildPhase;
			buildActionMask = 2147483647;
			files = (
				1D47389E20E0123A000DC875 /* AKReproTests.swift in Sources */,
			);
			runOnlyForDeploymentPostprocessing = 0;
		};
		1D4738A020E0123A000DC875 /* Sources */ = {
			isa = PBXSourcesBuildPhase;
			buildActionMask = 2147483647;
			files = (
				1D4738A920E0123A000DC875 /* AKReproUITests.swift in Sources */,
			);
			runOnlyForDeploymentPostprocessing = 0;
		};
/* End PBXSourcesBuildPhase section */

/* Begin PBXTargetDependency section */
		1D47389B20E0123A000DC875 /* PBXTargetDependency */ = {
			isa = PBXTargetDependency;
			target = 1D47388420E01239000DC875 /* AKRepro */;
			targetProxy = 1D47389A20E0123A000DC875 /* PBXContainerItemProxy */;
		};
		1D4738A620E0123A000DC875 /* PBXTargetDependency */ = {
			isa = PBXTargetDependency;
			target = 1D47388420E01239000DC875 /* AKRepro */;
			targetProxy = 1D4738A520E0123A000DC875 /* PBXContainerItemProxy */;
		};
/* End PBXTargetDependency section */

/* Begin PBXVariantGroup section */
		1D47388C20E01239000DC875 /* Main.storyboard */ = {
			isa = PBXVariantGroup;
			children = (
				1D47388D20E01239000DC875 /* Base */,
			);
			name = Main.storyboard;
			sourceTree = "<group>";
		};
		1D47389120E0123A000DC875 /* LaunchScreen.storyboard */ = {
			isa = PBXVariantGroup;
			children = (
				1D47389220E0123A000DC875 /* Base */,
			);
			name = LaunchScreen.storyboard;
			sourceTree = "<group>";
		};
/* End PBXVariantGroup section */

/* Begin XCBuildConfiguration section */
		1D4738AB20E0123A000DC875 /* Debug */ = {
			isa = XCBuildConfiguration;
			buildSettings = {
				ALWAYS_SEARCH_USER_PATHS = NO;
				CLANG_ANALYZER_NONNULL = YES;
				CLANG_ANALYZER_NUMBER_OBJECT_CONVERSION = YES_AGGRESSIVE;
				CLANG_CXX_LANGUAGE_STANDARD = "gnu++14";
				CLANG_CXX_LIBRARY = "libc++";
				CLANG_ENABLE_MODULES = YES;
				CLANG_ENABLE_OBJC_ARC = YES;
				CLANG_ENABLE_OBJC_WEAK = YES;
				CLANG_WARN_BLOCK_CAPTURE_AUTORELEASING = YES;
				CLANG_WARN_BOOL_CONVERSION = YES;
				CLANG_WARN_COMMA = YES;
				CLANG_WARN_CONSTANT_CONVERSION = YES;
				CLANG_WARN_DEPRECATED_OBJC_IMPLEMENTATIONS = YES;
				CLANG_WARN_DIRECT_OBJC_ISA_USAGE = YES_ERROR;
				CLANG_WARN_DOCUMENTATION_COMMENTS = YES;
				CLANG_WARN_EMPTY_BODY = YES;
				CLANG_WARN_ENUM_CONVERSION = YES;
				CLANG_WARN_INFINITE_RECURSION = YES;
				CLANG_WARN_INT_CONVERSION = YES;
				CLANG_WARN_NON_LITERAL_NULL_CONVERSION = YES;
				CLANG_WARN_OBJC_IMPLICIT_RETAIN_SELF = YES;
				CLANG_WARN_OBJC_LITERAL_CONVERSION = YES;
				CLANG_WARN_OBJC_ROOT_CLASS = YES_ERROR;
				CLANG_WARN_RANGE_LOOP_ANALYSIS = YES;
				CLANG_WARN_STRICT_PROTOTYPES = YES;
				CLANG_WARN_SUSPICIOUS_MOVE = YES;
				CLANG_WARN_UNGUARDED_AVAILABILITY = YES_AGGRESSIVE;
				CLANG_WARN_UNREACHABLE_CODE = YES;
				CLANG_WARN__DUPLICATE_METHOD_MATCH = YES;
				CODE_SIGN_IDENTITY = "iPhone Developer";
				COPY_PHASE_STRIP = NO;
				DEBUG_INFORMATION_FORMAT = dwarf;
				ENABLE_STRICT_OBJC_MSGSEND = YES;
				ENABLE_TESTABILITY = YES;
				GCC_C_LANGUAGE_STANDARD = gnu11;
				GCC_DYNAMIC_NO_PIC = NO;
				GCC_NO_COMMON_BLOCKS = YES;
				GCC_OPTIMIZATION_LEVEL = 0;
				GCC_PREPROCESSOR_DEFINITIONS = (
					"DEBUG=1",
					"$(inherited)",
				);
				GCC_WARN_64_TO_32_BIT_CONVERSION = YES;
				GCC_WARN_ABOUT_RETURN_TYPE = YES_ERROR;
				GCC_WARN_UNDECLARED_SELECTOR = YES;
				GCC_WARN_UNINITIALIZED_AUTOS = YES_AGGRESSIVE;
				GCC_WARN_UNUSED_FUNCTION = YES;
				GCC_WARN_UNUSED_VARIABLE = YES;
				IPHONEOS_DEPLOYMENT_TARGET = 11.4;
				MTL_ENABLE_DEBUG_INFO = YES;
				ONLY_ACTIVE_ARCH = YES;
				SDKROOT = iphoneos;
				SWIFT_ACTIVE_COMPILATION_CONDITIONS = DEBUG;
				SWIFT_OPTIMIZATION_LEVEL = "-Onone";
			};
			name = Debug;
		};
		1D4738AC20E0123A000DC875 /* Release */ = {
			isa = XCBuildConfiguration;
			buildSettings = {
				ALWAYS_SEARCH_USER_PATHS = NO;
				CLANG_ANALYZER_NONNULL = YES;
				CLANG_ANALYZER_NUMBER_OBJECT_CONVERSION = YES_AGGRESSIVE;
				CLANG_CXX_LANGUAGE_STANDARD = "gnu++14";
				CLANG_CXX_LIBRARY = "libc++";
				CLANG_ENABLE_MODULES = YES;
				CLANG_ENABLE_OBJC_ARC = YES;
				CLANG_ENABLE_OBJC_WEAK = YES;
				CLANG_WARN_BLOCK_CAPTURE_AUTORELEASING = YES;
				CLANG_WARN_BOOL_CONVERSION = YES;
				CLANG_WARN_COMMA = YES;
				CLANG_WARN_CONSTANT_CONVERSION = YES;
				CLANG_WARN_DEPRECATED_OBJC_IMPLEMENTATIONS = YES;
				CLANG_WARN_DIRECT_OBJC_ISA_USAGE = YES_ERROR;
				CLANG_WARN_DOCUMENTATION_COMMENTS = YES;
				CLANG_WARN_EMPTY_BODY = YES;
				CLANG_WARN_ENUM_CONVERSION = YES;
				CLANG_WARN_INFINITE_RECURSION = YES;
				CLANG_WARN_INT_CONVERSION = YES;
				CLANG_WARN_NON_LITERAL_NULL_CONVERSION = YES;
				CLANG_WARN_OBJC_IMPLICIT_RETAIN_SELF = YES;
				CLANG_WARN_OBJC_LITERAL_CONVERSION = YES;
				CLANG_WARN_OBJC_ROOT_CLASS = YES_ERROR;
				CLANG_WARN_RANGE_LOOP_ANALYSIS = YES;
				CLANG_WARN_STRICT_PROTOTYPES = YES;
				CLANG_WARN_SUSPICIOUS_MOVE = YES;
				CLANG_WARN_UNGUARDED_AVAILABILITY = YES_AGGRESSIVE;
				CLANG_WARN_UNREACHABLE_CODE = YES;
				CLANG_WARN__DUPLICATE_METHOD_MATCH = YES;
				CODE_SIGN_IDENTITY = "iPhone Developer";
				COPY_PHASE_STRIP = NO;
				DEBUG_INFORMATION_FORMAT = "dwarf-with-dsym";
				ENABLE_NS_ASSERTIONS = NO;
				ENABLE_STRICT_OBJC_MSGSEND = YES;
				GCC_C_LANGUAGE_STANDARD = gnu11;
				GCC_NO_COMMON_BLOCKS = YES;
				GCC_WARN_64_TO_32_BIT_CONVERSION = YES;
				GCC_WARN_ABOUT_RETURN_TYPE = YES_ERROR;
				GCC_WARN_UNDECLARED_SELECTOR = YES;
				GCC_WARN_UNINITIALIZED_AUTOS = YES_AGGRESSIVE;
				GCC_WARN_UNUSED_FUNCTION = YES;
				GCC_WARN_UNUSED_VARIABLE = YES;
				IPHONEOS_DEPLOYMENT_TARGET = 11.4;
				MTL_ENABLE_DEBUG_INFO = NO;
				SDKROOT = iphoneos;
				SWIFT_COMPILATION_MODE = wholemodule;
				SWIFT_OPTIMIZATION_LEVEL = "-O";
				VALIDATE_PRODUCT = YES;
			};
			name = Release;
		};
		1D4738AE20E0123A000DC875 /* Debug */ = {
			isa = XCBuildConfiguration;
			buildSettings = {
				ASSETCATALOG_COMPILER_APPICON_NAME = AppIcon;
				CODE_SIGN_STYLE = Automatic;
				DEVELOPMENT_TEAM = Y689F68ZJ8;
				INFOPLIST_FILE = AKRepro/Info.plist;
				LD_RUNPATH_SEARCH_PATHS = (
					"$(inherited)",
					"@executable_path/Frameworks",
				);
				PRODUCT_BUNDLE_IDENTIFIER = com.bossjock.AKRepro;
				PRODUCT_NAME = "$(TARGET_NAME)";
				SWIFT_VERSION = 4.0;
				TARGETED_DEVICE_FAMILY = "1,2";
			};
			name = Debug;
		};
		1D4738AF20E0123A000DC875 /* Release */ = {
			isa = XCBuildConfiguration;
			buildSettings = {
				ASSETCATALOG_COMPILER_APPICON_NAME = AppIcon;
				CODE_SIGN_STYLE = Automatic;
				DEVELOPMENT_TEAM = Y689F68ZJ8;
				INFOPLIST_FILE = AKRepro/Info.plist;
				LD_RUNPATH_SEARCH_PATHS = (
					"$(inherited)",
					"@executable_path/Frameworks",
				);
				PRODUCT_BUNDLE_IDENTIFIER = com.bossjock.AKRepro;
				PRODUCT_NAME = "$(TARGET_NAME)";
				SWIFT_VERSION = 4.0;
				TARGETED_DEVICE_FAMILY = "1,2";
			};
			name = Release;
		};
		1D4738B120E0123A000DC875 /* Debug */ = {
			isa = XCBuildConfiguration;
			buildSettings = {
				ALWAYS_EMBED_SWIFT_STANDARD_LIBRARIES = YES;
				BUNDLE_LOADER = "$(TEST_HOST)";
				CODE_SIGN_STYLE = Automatic;
				DEVELOPMENT_TEAM = Y689F68ZJ8;
				INFOPLIST_FILE = AKReproTests/Info.plist;
				LD_RUNPATH_SEARCH_PATHS = (
					"$(inherited)",
					"@executable_path/Frameworks",
					"@loader_path/Frameworks",
				);
				PRODUCT_BUNDLE_IDENTIFIER = com.bossjock.AKReproTests;
				PRODUCT_NAME = "$(TARGET_NAME)";
				SWIFT_VERSION = 4.0;
				TARGETED_DEVICE_FAMILY = "1,2";
				TEST_HOST = "$(BUILT_PRODUCTS_DIR)/AKRepro.app/AKRepro";
			};
			name = Debug;
		};
		1D4738B220E0123A000DC875 /* Release */ = {
			isa = XCBuildConfiguration;
			buildSettings = {
				ALWAYS_EMBED_SWIFT_STANDARD_LIBRARIES = YES;
				BUNDLE_LOADER = "$(TEST_HOST)";
				CODE_SIGN_STYLE = Automatic;
				DEVELOPMENT_TEAM = Y689F68ZJ8;
				INFOPLIST_FILE = AKReproTests/Info.plist;
				LD_RUNPATH_SEARCH_PATHS = (
					"$(inherited)",
					"@executable_path/Frameworks",
					"@loader_path/Frameworks",
				);
				PRODUCT_BUNDLE_IDENTIFIER = com.bossjock.AKReproTests;
				PRODUCT_NAME = "$(TARGET_NAME)";
				SWIFT_VERSION = 4.0;
				TARGETED_DEVICE_FAMILY = "1,2";
				TEST_HOST = "$(BUILT_PRODUCTS_DIR)/AKRepro.app/AKRepro";
			};
			name = Release;
		};
		1D4738B420E0123A000DC875 /* Debug */ = {
			isa = XCBuildConfiguration;
			buildSettings = {
				ALWAYS_EMBED_SWIFT_STANDARD_LIBRARIES = YES;
				CODE_SIGN_STYLE = Automatic;
				DEVELOPMENT_TEAM = Y689F68ZJ8;
				INFOPLIST_FILE = AKReproUITests/Info.plist;
				LD_RUNPATH_SEARCH_PATHS = (
					"$(inherited)",
					"@executable_path/Frameworks",
					"@loader_path/Frameworks",
				);
				PRODUCT_BUNDLE_IDENTIFIER = com.bossjock.AKReproUITests;
				PRODUCT_NAME = "$(TARGET_NAME)";
				SWIFT_VERSION = 4.0;
				TARGETED_DEVICE_FAMILY = "1,2";
				TEST_TARGET_NAME = AKRepro;
			};
			name = Debug;
		};
		1D4738B520E0123A000DC875 /* Release */ = {
			isa = XCBuildConfiguration;
			buildSettings = {
				ALWAYS_EMBED_SWIFT_STANDARD_LIBRARIES = YES;
				CODE_SIGN_STYLE = Automatic;
				DEVELOPMENT_TEAM = Y689F68ZJ8;
				INFOPLIST_FILE = AKReproUITests/Info.plist;
				LD_RUNPATH_SEARCH_PATHS = (
					"$(inherited)",
					"@executable_path/Frameworks",
					"@loader_path/Frameworks",
				);
				PRODUCT_BUNDLE_IDENTIFIER = com.bossjock.AKReproUITests;
				PRODUCT_NAME = "$(TARGET_NAME)";
				SWIFT_VERSION = 4.0;
				TARGETED_DEVICE_FAMILY = "1,2";
				TEST_TARGET_NAME = AKRepro;
			};
			name = Release;
		};
/* End XCBuildConfiguration section */

/* Begin XCConfigurationList section */
		1D47388020E01239000DC875 /* Build configuration list for PBXProject "AKRepro" */ = {
			isa = XCConfigurationList;
			buildConfigurations = (
				1D4738AB20E0123A000DC875 /* Debug */,
				1D4738AC20E0123A000DC875 /* Release */,
			);
			defaultConfigurationIsVisible = 0;
			defaultConfigurationName = Release;
		};
		1D4738AD20E0123A000DC875 /* Build configuration list for PBXNativeTarget "AKRepro" */ = {
			isa = XCConfigurationList;
			buildConfigurations = (
				1D4738AE20E0123A000DC875 /* Debug */,
				1D4738AF20E0123A000DC875 /* Release */,
			);
			defaultConfigurationIsVisible = 0;
			defaultConfigurationName = Release;
		};
		1D4738B020E0123A000DC875 /* Build configuration list for PBXNativeTarget "AKReproTests" */ = {
			isa = XCConfigurationList;
			buildConfigurations = (
				1D4738B120E0123A000DC875 /* Debug */,
				1D4738B220E0123A000DC875 /* Release */,
			);
			defaultConfigurationIsVisible = 0;
			defaultConfigurationName = Release;
		};
		1D4738B320E0123A000DC875 /* Build configuration list for PBXNativeTarget "AKReproUITests" */ = {
			isa = XCConfigurationList;
			buildConfigurations = (
				1D4738B420E0123A000DC875 /* Debug */,
				1D4738B520E0123A000DC875 /* Release */,
			);
			defaultConfigurationIsVisible = 0;
			defaultConfigurationName = Release;
		};
/* End XCConfigurationList section */
	};
	rootObject = 1D47387D20E01239000DC875 /* Project object */;
}
